
Microsoft Visual Studio Solution File, Format Version 12.00
# Visual Studio Version 16
VisualStudioVersion = 16.0.32901.82
MinimumVisualStudioVersion = 10.0.40219.1
Project("{FAE04EC0-301F-11D3-BF4B-00C04F79EFBC}") = "crud", "crud\crud.csproj", "{0B5F287C-7350-428C-BE1F-C68EB964834C}"
EndProject
Global
	GlobalSection(SolutionConfigurationPlatforms) = preSolution
		Debug|Any CPU = Debug|Any CPU
		Release|Any CPU = Release|Any CPU
	EndGlobalSection
	GlobalSection(ProjectConfigurationPlatforms) = postSolution
		{0B5F287C-7350-428C-BE1F-C68EB964834C}.Debug|Any CPU.ActiveCfg = Debug|Any CPU
		{0B5F287C-7350-428C-BE1F-C68EB964834C}.Debug|Any CPU.Build.0 = Debug|Any CPU
		{0B5F287C-7350-428C-BE1F-C68EB964834C}.Release|Any CPU.ActiveCfg = Release|Any CPU
		{0B5F287C-7350-428C-BE1F-C68EB964834C}.Release|Any CPU.Build.0 = Release|Any CPU
	EndGlobalSection
	GlobalSection(SolutionProperties) = preSolution
		HideSolutionNode = FALSE
	EndGlobalSection
	GlobalSection(ExtensibilityGlobals) = postSolution
		SolutionGuid = {0F5E2A3A-8142-4FA1-A359-993E0F923544}
	EndGlobalSection
EndGlobal
